
Microsoft Visual Studio Solution File, Format Version 12.00
# Visual Studio 15
VisualStudioVersion = 15.0.27703.2018
MinimumVisualStudioVersion = 10.0.40219.1
Project("{9A19103F-16F7-4668-BE54-9A1E7A4F7556}") = "LightBus", "LightBus\LightBus.csproj", "{82165077-35EA-4BD5-9025-2BE6E26A0B8A}"
EndProject
Project("{9A19103F-16F7-4668-BE54-9A1E7A4F7556}") = "LightBus.Microsoft.DependencyInjection", "LightBus.Microsoft.DependencyInjection\LightBus.Microsoft.DependencyInjection.csproj", "{8DE2BCC4-4FF9-4191-A14E-A20F428DD362}"
EndProject
Project("{2150E333-8FDC-42A3-9474-1A3956D46DE8}") = "Samples", "Samples", "{CA3C8EC3-0ACB-4E0E-977D-331FC426741D}"
EndProject
Project("{FAE04EC0-301F-11D3-BF4B-00C04F79EFBC}") = "AspNetCore.Sample", "AspNetCore.Sample\AspNetCore.Sample.csproj", "{FC997EC6-19A0-4151-84D8-3CA620328032}"
EndProject
Global
	GlobalSection(SolutionConfigurationPlatforms) = preSolution
		Debug|Any CPU = Debug|Any CPU
		Release|Any CPU = Release|Any CPU
	EndGlobalSection
	GlobalSection(ProjectConfigurationPlatforms) = postSolution
		{82165077-35EA-4BD5-9025-2BE6E26A0B8A}.Debug|Any CPU.ActiveCfg = Debug|Any CPU
		{82165077-35EA-4BD5-9025-2BE6E26A0B8A}.Debug|Any CPU.Build.0 = Debug|Any CPU
		{82165077-35EA-4BD5-9025-2BE6E26A0B8A}.Release|Any CPU.ActiveCfg = Release|Any CPU
		{82165077-35EA-4BD5-9025-2BE6E26A0B8A}.Release|Any CPU.Build.0 = Release|Any CPU
		{8DE2BCC4-4FF9-4191-A14E-A20F428DD362}.Debug|Any CPU.ActiveCfg = Debug|Any CPU
		{8DE2BCC4-4FF9-4191-A14E-A20F428DD362}.Debug|Any CPU.Build.0 = Debug|Any CPU
		{8DE2BCC4-4FF9-4191-A14E-A20F428DD362}.Release|Any CPU.ActiveCfg = Release|Any CPU
		{8DE2BCC4-4FF9-4191-A14E-A20F428DD362}.Release|Any CPU.Build.0 = Release|Any CPU
		{FC997EC6-19A0-4151-84D8-3CA620328032}.Debug|Any CPU.ActiveCfg = Debug|Any CPU
		{FC997EC6-19A0-4151-84D8-3CA620328032}.Debug|Any CPU.Build.0 = Debug|Any CPU
		{FC997EC6-19A0-4151-84D8-3CA620328032}.Release|Any CPU.ActiveCfg = Release|Any CPU
		{FC997EC6-19A0-4151-84D8-3CA620328032}.Release|Any CPU.Build.0 = Release|Any CPU
	EndGlobalSection
	GlobalSection(SolutionProperties) = preSolution
		HideSolutionNode = FALSE
	EndGlobalSection
	GlobalSection(NestedProjects) = preSolution
		{FC997EC6-19A0-4151-84D8-3CA620328032} = {CA3C8EC3-0ACB-4E0E-977D-331FC426741D}
	EndGlobalSection
	GlobalSection(ExtensibilityGlobals) = postSolution
		SolutionGuid = {D45CC5C1-4989-4279-8F68-39D90B204A22}
	EndGlobalSection
EndGlobal
